
Microsoft Visual Studio Solution File, Format Version 12.00
# Visual Studio 14
VisualStudioVersion = 14.0.23107.0
MinimumVisualStudioVersion = 10.0.40219.1
Project("{FAE04EC0-301F-11D3-BF4B-00C04F79EFBC}") = "BC_Exercise.Web", "BC_Exercise.Web\BC_Exercise.Web.csproj", "{68CE5338-9148-4E2B-91D4-13FA6ECD9A11}"
EndProject
Project("{FAE04EC0-301F-11D3-BF4B-00C04F79EFBC}") = "BC_Exercise.Web.Tests", "BC_Exercise.Web.Tests\BC_Exercise.Web.Tests.csproj", "{68654819-FD7C-4D1D-9A2D-C02D9FCB1C74}"
EndProject
Project("{FAE04EC0-301F-11D3-BF4B-00C04F79EFBC}") = "BC_Exercise.Core", "BC_Exercise.Core\BC_Exercise.Core.csproj", "{BAEFF865-F5F2-4978-ACB1-D3C835482344}"
EndProject
Project("{FAE04EC0-301F-11D3-BF4B-00C04F79EFBC}") = "BC_Exercise.Core.Tests", "BC_Exercise.Core.Tests\BC_Exercise.Core.Tests.csproj", "{C3EEC7FD-F0FA-44B1-9FD0-FD46113A07FE}"
EndProject
Project("{FAE04EC0-301F-11D3-BF4B-00C04F79EFBC}") = "BC_Exercise.Entities", "BC_Exercise.Entities\BC_Exercise.Entities.csproj", "{7FD2CD8B-4D1A-4690-8BC3-01930C410850}"
EndProject
Global
	GlobalSection(SolutionConfigurationPlatforms) = preSolution
		Debug|Any CPU = Debug|Any CPU
		Debug|ARM = Debug|ARM
		Debug|x64 = Debug|x64
		Debug|x86 = Debug|x86
		Release|Any CPU = Release|Any CPU
		Release|ARM = Release|ARM
		Release|x64 = Release|x64
		Release|x86 = Release|x86
	EndGlobalSection
	GlobalSection(ProjectConfigurationPlatforms) = postSolution
		{68CE5338-9148-4E2B-91D4-13FA6ECD9A11}.Debug|Any CPU.ActiveCfg = Debug|Any CPU
		{68CE5338-9148-4E2B-91D4-13FA6ECD9A11}.Debug|Any CPU.Build.0 = Debug|Any CPU
		{68CE5338-9148-4E2B-91D4-13FA6ECD9A11}.Debug|ARM.ActiveCfg = Debug|Any CPU
		{68CE5338-9148-4E2B-91D4-13FA6ECD9A11}.Debug|ARM.Build.0 = Debug|Any CPU
		{68CE5338-9148-4E2B-91D4-13FA6ECD9A11}.Debug|x64.ActiveCfg = Debug|Any CPU
		{68CE5338-9148-4E2B-91D4-13FA6ECD9A11}.Debug|x64.Build.0 = Debug|Any CPU
		{68CE5338-9148-4E2B-91D4-13FA6ECD9A11}.Debug|x86.ActiveCfg = Debug|Any CPU
		{68CE5338-9148-4E2B-91D4-13FA6ECD9A11}.Debug|x86.Build.0 = Debug|Any CPU
		{68CE5338-9148-4E2B-91D4-13FA6ECD9A11}.Release|Any CPU.ActiveCfg = Release|Any CPU
		{68CE5338-9148-4E2B-91D4-13FA6ECD9A11}.Release|Any CPU.Build.0 = Release|Any CPU
		{68CE5338-9148-4E2B-91D4-13FA6ECD9A11}.Release|ARM.ActiveCfg = Release|Any CPU
		{68CE5338-9148-4E2B-91D4-13FA6ECD9A11}.Release|ARM.Build.0 = Release|Any CPU
		{68CE5338-9148-4E2B-91D4-13FA6ECD9A11}.Release|x64.ActiveCfg = Release|Any CPU
		{68CE5338-9148-4E2B-91D4-13FA6ECD9A11}.Release|x64.Build.0 = Release|Any CPU
		{68CE5338-9148-4E2B-91D4-13FA6ECD9A11}.Release|x86.ActiveCfg = Release|Any CPU
		{68CE5338-9148-4E2B-91D4-13FA6ECD9A11}.Release|x86.Build.0 = Release|Any CPU
		{68654819-FD7C-4D1D-9A2D-C02D9FCB1C74}.Debug|Any CPU.ActiveCfg = Debug|Any CPU
		{68654819-FD7C-4D1D-9A2D-C02D9FCB1C74}.Debug|Any CPU.Build.0 = Debug|Any CPU
		{68654819-FD7C-4D1D-9A2D-C02D9FCB1C74}.Debug|ARM.ActiveCfg = Debug|Any CPU
		{68654819-FD7C-4D1D-9A2D-C02D9FCB1C74}.Debug|ARM.Build.0 = Debug|Any CPU
		{68654819-FD7C-4D1D-9A2D-C02D9FCB1C74}.Debug|x64.ActiveCfg = Debug|Any CPU
		{68654819-FD7C-4D1D-9A2D-C02D9FCB1C74}.Debug|x64.Build.0 = Debug|Any CPU
		{68654819-FD7C-4D1D-9A2D-C02D9FCB1C74}.Debug|x86.ActiveCfg = Debug|Any CPU
		{68654819-FD7C-4D1D-9A2D-C02D9FCB1C74}.Debug|x86.Build.0 = Debug|Any CPU
		{68654819-FD7C-4D1D-9A2D-C02D9FCB1C74}.Release|Any CPU.ActiveCfg = Release|Any CPU
		{68654819-FD7C-4D1D-9A2D-C02D9FCB1C74}.Release|Any CPU.Build.0 = Release|Any CPU
		{68654819-FD7C-4D1D-9A2D-C02D9FCB1C74}.Release|ARM.ActiveCfg = Release|Any CPU
		{68654819-FD7C-4D1D-9A2D-C02D9FCB1C74}.Release|ARM.Build.0 = Release|Any CPU
		{68654819-FD7C-4D1D-9A2D-C02D9FCB1C74}.Release|x64.ActiveCfg = Release|Any CPU
		{68654819-FD7C-4D1D-9A2D-C02D9FCB1C74}.Release|x64.Build.0 = Release|Any CPU
		{68654819-FD7C-4D1D-9A2D-C02D9FCB1C74}.Release|x86.ActiveCfg = Release|Any CPU
		{68654819-FD7C-4D1D-9A2D-C02D9FCB1C74}.Release|x86.Build.0 = Release|Any CPU
		{BAEFF865-F5F2-4978-ACB1-D3C835482344}.Debug|Any CPU.ActiveCfg = Debug|Any CPU
		{BAEFF865-F5F2-4978-ACB1-D3C835482344}.Debug|Any CPU.Build.0 = Debug|Any CPU
		{BAEFF865-F5F2-4978-ACB1-D3C835482344}.Debug|ARM.ActiveCfg = Debug|Any CPU
		{BAEFF865-F5F2-4978-ACB1-D3C835482344}.Debug|ARM.Build.0 = Debug|Any CPU
		{BAEFF865-F5F2-4978-ACB1-D3C835482344}.Debug|x64.ActiveCfg = Debug|Any CPU
		{BAEFF865-F5F2-4978-ACB1-D3C835482344}.Debug|x64.Build.0 = Debug|Any CPU
		{BAEFF865-F5F2-4978-ACB1-D3C835482344}.Debug|x86.ActiveCfg = Debug|Any CPU
		{BAEFF865-F5F2-4978-ACB1-D3C835482344}.Debug|x86.Build.0 = Debug|Any CPU
		{BAEFF865-F5F2-4978-ACB1-D3C835482344}.Release|Any CPU.ActiveCfg = Release|Any CPU
		{BAEFF865-F5F2-4978-ACB1-D3C835482344}.Release|Any CPU.Build.0 = Release|Any CPU
		{BAEFF865-F5F2-4978-ACB1-D3C835482344}.Release|ARM.ActiveCfg = Release|Any CPU
		{BAEFF865-F5F2-4978-ACB1-D3C835482344}.Release|ARM.Build.0 = Release|Any CPU
		{BAEFF865-F5F2-4978-ACB1-D3C835482344}.Release|x64.ActiveCfg = Release|Any CPU
		{BAEFF865-F5F2-4978-ACB1-D3C835482344}.Release|x64.Build.0 = Release|Any CPU
		{BAEFF865-F5F2-4978-ACB1-D3C835482344}.Release|x86.ActiveCfg = Release|Any CPU
		{BAEFF865-F5F2-4978-ACB1-D3C835482344}.Release|x86.Build.0 = Release|Any CPU
		{C3EEC7FD-F0FA-44B1-9FD0-FD46113A07FE}.Debug|Any CPU.ActiveCfg = Debug|Any CPU
		{C3EEC7FD-F0FA-44B1-9FD0-FD46113A07FE}.Debug|Any CPU.Build.0 = Debug|Any CPU
		{C3EEC7FD-F0FA-44B1-9FD0-FD46113A07FE}.Debug|ARM.ActiveCfg = Debug|Any CPU
		{C3EEC7FD-F0FA-44B1-9FD0-FD46113A07FE}.Debug|ARM.Build.0 = Debug|Any CPU
		{C3EEC7FD-F0FA-44B1-9FD0-FD46113A07FE}.Debug|x64.ActiveCfg = Debug|Any CPU
		{C3EEC7FD-F0FA-44B1-9FD0-FD46113A07FE}.Debug|x64.Build.0 = Debug|Any CPU
		{C3EEC7FD-F0FA-44B1-9FD0-FD46113A07FE}.Debug|x86.ActiveCfg = Debug|Any CPU
		{C3EEC7FD-F0FA-44B1-9FD0-FD46113A07FE}.Debug|x86.Build.0 = Debug|Any CPU
		{C3EEC7FD-F0FA-44B1-9FD0-FD46113A07FE}.Release|Any CPU.ActiveCfg = Release|Any CPU
		{C3EEC7FD-F0FA-44B1-9FD0-FD46113A07FE}.Release|Any CPU.Build.0 = Release|Any CPU
		{C3EEC7FD-F0FA-44B1-9FD0-FD46113A07FE}.Release|ARM.ActiveCfg = Release|Any CPU
		{C3EEC7FD-F0FA-44B1-9FD0-FD46113A07FE}.Release|ARM.Build.0 = Release|Any CPU
		{C3EEC7FD-F0FA-44B1-9FD0-FD46113A07FE}.Release|x64.ActiveCfg = Release|Any CPU
		{C3EEC7FD-F0FA-44B1-9FD0-FD46113A07FE}.Release|x64.Build.0 = Release|Any CPU
		{C3EEC7FD-F0FA-44B1-9FD0-FD46113A07FE}.Release|x86.ActiveCfg = Release|Any CPU
		{C3EEC7FD-F0FA-44B1-9FD0-FD46113A07FE}.Release|x86.Build.0 = Release|Any CPU
		{7FD2CD8B-4D1A-4690-8BC3-01930C410850}.Debug|Any CPU.ActiveCfg = Debug|Any CPU
		{7FD2CD8B-4D1A-4690-8BC3-01930C410850}.Debug|Any CPU.Build.0 = Debug|Any CPU
		{7FD2CD8B-4D1A-4690-8BC3-01930C410850}.Debug|ARM.ActiveCfg = Debug|Any CPU
		{7FD2CD8B-4D1A-4690-8BC3-01930C410850}.Debug|ARM.Build.0 = Debug|Any CPU
		{7FD2CD8B-4D1A-4690-8BC3-01930C410850}.Debug|x64.ActiveCfg = Debug|Any CPU
		{7FD2CD8B-4D1A-4690-8BC3-01930C410850}.Debug|x64.Build.0 = Debug|Any CPU
		{7FD2CD8B-4D1A-4690-8BC3-01930C410850}.Debug|x86.ActiveCfg = Debug|Any CPU
		{7FD2CD8B-4D1A-4690-8BC3-01930C410850}.Debug|x86.Build.0 = Debug|Any CPU
		{7FD2CD8B-4D1A-4690-8BC3-01930C410850}.Release|Any CPU.ActiveCfg = Release|Any CPU
		{7FD2CD8B-4D1A-4690-8BC3-01930C410850}.Release|Any CPU.Build.0 = Release|Any CPU
		{7FD2CD8B-4D1A-4690-8BC3-01930C410850}.Release|ARM.ActiveCfg = Release|Any CPU
		{7FD2CD8B-4D1A-4690-8BC3-01930C410850}.Release|ARM.Build.0 = Release|Any CPU
		{7FD2CD8B-4D1A-4690-8BC3-01930C410850}.Release|x64.ActiveCfg = Release|Any CPU
		{7FD2CD8B-4D1A-4690-8BC3-01930C410850}.Release|x64.Build.0 = Release|Any CPU
		{7FD2CD8B-4D1A-4690-8BC3-01930C410850}.Release|x86.ActiveCfg = Release|Any CPU
		{7FD2CD8B-4D1A-4690-8BC3-01930C410850}.Release|x86.Build.0 = Release|Any CPU
	EndGlobalSection
	GlobalSection(SolutionProperties) = preSolution
		HideSolutionNode = FALSE
	EndGlobalSection
EndGlobal
